
Microsoft Visual Studio Solution File, Format Version 12.00
# Visual Studio Version 17
VisualStudioVersion = 17.3.32825.248
MinimumVisualStudioVersion = 10.0.40219.1
Project("{9A19103F-16F7-4668-BE54-9A1E7A4F7556}") = "ConsoleApp1", "ConsoleApp1\ConsoleApp1.csproj", "{A3460F07-CF2A-4A63-B07A-D48674F848E4}"
EndProject
Project("{9A19103F-16F7-4668-BE54-9A1E7A4F7556}") = "WebApplication1", "WebApplication1\WebApplication1.csproj", "{DDB2094D-727F-4E31-987E-E3878BE9BD11}"
EndProject
Project("{9A19103F-16F7-4668-BE54-9A1E7A4F7556}") = "WinFormsApp1", "WinFormsApp1\WinFormsApp1.csproj", "{07EFFF61-DB66-4C72-90C8-6BA681661573}"
EndProject
Project("{FAE04EC0-301F-11D3-BF4B-00C04F79EFBC}") = "ImageUploadWebApi", "ImageUploadWebApi\ImageUploadWebApi.csproj", "{EC8DDE4E-040A-44D6-84BA-421F731408BE}"
EndProject
Global
	GlobalSection(SolutionConfigurationPlatforms) = preSolution
		Debug|Any CPU = Debug|Any CPU
		Release|Any CPU = Release|Any CPU
	EndGlobalSection
	GlobalSection(ProjectConfigurationPlatforms) = postSolution
		{A3460F07-CF2A-4A63-B07A-D48674F848E4}.Debug|Any CPU.ActiveCfg = Debug|Any CPU
		{A3460F07-CF2A-4A63-B07A-D48674F848E4}.Debug|Any CPU.Build.0 = Debug|Any CPU
		{A3460F07-CF2A-4A63-B07A-D48674F848E4}.Release|Any CPU.ActiveCfg = Release|Any CPU
		{A3460F07-CF2A-4A63-B07A-D48674F848E4}.Release|Any CPU.Build.0 = Release|Any CPU
		{DDB2094D-727F-4E31-987E-E3878BE9BD11}.Debug|Any CPU.ActiveCfg = Debug|Any CPU
		{DDB2094D-727F-4E31-987E-E3878BE9BD11}.Debug|Any CPU.Build.0 = Debug|Any CPU
		{DDB2094D-727F-4E31-987E-E3878BE9BD11}.Release|Any CPU.ActiveCfg = Release|Any CPU
		{DDB2094D-727F-4E31-987E-E3878BE9BD11}.Release|Any CPU.Build.0 = Release|Any CPU
		{07EFFF61-DB66-4C72-90C8-6BA681661573}.Debug|Any CPU.ActiveCfg = Debug|Any CPU
		{07EFFF61-DB66-4C72-90C8-6BA681661573}.Debug|Any CPU.Build.0 = Debug|Any CPU
		{07EFFF61-DB66-4C72-90C8-6BA681661573}.Release|Any CPU.ActiveCfg = Release|Any CPU
		{07EFFF61-DB66-4C72-90C8-6BA681661573}.Release|Any CPU.Build.0 = Release|Any CPU
		{EC8DDE4E-040A-44D6-84BA-421F731408BE}.Debug|Any CPU.ActiveCfg = Debug|Any CPU
		{EC8DDE4E-040A-44D6-84BA-421F731408BE}.Debug|Any CPU.Build.0 = Debug|Any CPU
		{EC8DDE4E-040A-44D6-84BA-421F731408BE}.Release|Any CPU.ActiveCfg = Release|Any CPU
		{EC8DDE4E-040A-44D6-84BA-421F731408BE}.Release|Any CPU.Build.0 = Release|Any CPU
	EndGlobalSection
	GlobalSection(SolutionProperties) = preSolution
		HideSolutionNode = FALSE
	EndGlobalSection
	GlobalSection(ExtensibilityGlobals) = postSolution
		SolutionGuid = {ED369EC3-A80A-4B23-A221-BC3C174C2B44}
	EndGlobalSection
EndGlobal
